{
  "name": "@w6w/cli",
  "version": "0.3.0",
  "lockfileVersion": 3,
  "requires": true,
  "packages": {
    "": {
      "name": "@w6w/cli",
      "version": "0.3.0",
      "license": "MIT",
      "dependencies": {
        "@w6w/sdk": "^0.3.0"
      },
      "bin": {
        "w6w": "dist/bin/w6w.js"
      },
      "devDependencies": {
        "typescript": "^5.7.2"
      },
      "engines": {
        "node": ">=18"
      }
    },
    "node_modules/@w6w/sdk": {
      "version": "0.3.0",
      "resolved": "https://registry.npmjs.org/@w6w/sdk/-/sdk-0.3.0.tgz",
      "integrity": "sha512-cK98iL19Wivxj6jsAtPsWWBZgOZhlpHGhUvL83NAxqx/BngxvsqohBRUNcUqhsmeYEfTea2tQ9gia6r9zPKdeQ==",
      "license": "MIT",
      "engines": {
        "node": ">=18"
      }
    },
    "node_modules/typescript": {
      "version": "5.9.3",
      "resolved": "https://registry.npmjs.org/typescript/-/typescript-5.9.3.tgz",
      "integrity": "sha512-jl1vZzPDinLr9eUt3J/t7V6FgNEw9QjvBPdysz9KfQDD41fQrC2Y4vKQdiaUpFT4bXlb1RHhLpp8wtm6M5TgSw==",
      "dev": true,
      "license": "Apache-2.0",
      "bin": {
        "tsc": "bin/tsc",
        "tsserver": "bin/tsserver"
      },
      "engines": {
        "node": ">=14.17"
      }
    }
  }
}
